
Microsoft Visual Studio Solution File, Format Version 12.00
# Visual Studio Version 16
VisualStudioVersion = 16.0.30711.63
MinimumVisualStudioVersion = 10.0.40219.1
Project("{FAE04EC0-301F-11D3-BF4B-00C04F79EFBC}") = "NameList", "NameList\NameList.csproj", "{AAF36FE3-E04B-44CD-8EA1-CBBD9824671B}"
EndProject
Global
	GlobalSection(SolutionConfigurationPlatforms) = preSolution
		Debug|Any CPU = Debug|Any CPU
		Release|Any CPU = Release|Any CPU
	EndGlobalSection
	GlobalSection(ProjectConfigurationPlatforms) = postSolution
		{AAF36FE3-E04B-44CD-8EA1-CBBD9824671B}.Debug|Any CPU.ActiveCfg = Debug|Any CPU
		{AAF36FE3-E04B-44CD-8EA1-CBBD9824671B}.Debug|Any CPU.Build.0 = Debug|Any CPU
		{AAF36FE3-E04B-44CD-8EA1-CBBD9824671B}.Release|Any CPU.ActiveCfg = Release|Any CPU
		{AAF36FE3-E04B-44CD-8EA1-CBBD9824671B}.Release|Any CPU.Build.0 = Release|Any CPU
	EndGlobalSection
	GlobalSection(SolutionProperties) = preSolution
		HideSolutionNode = FALSE
	EndGlobalSection
	GlobalSection(ExtensibilityGlobals) = postSolution
		SolutionGuid = {A62838FD-D978-4DDA-A55A-88DA56804ABD}
	EndGlobalSection
EndGlobal
